// !$*UTF8*$!
{
	archiveVersion = 1;
	classes = {
	};
	objectVersion = 51;
	objects = {

/* Begin PBXBuildFile section */
		38D163163AF25D92B533F31B /* Pods_GitHub_API.framework in Frameworks */ = {isa = PBXBuildFile; fileRef = 2E094C62BDDA65A51FFAD4F9 /* Pods_GitHub_API.framework */; };
		7A0AF7AEFCD79E14BA5F7936 /* Pods_GitHub_API_GitHub_APIUITests.framework in Frameworks */ = {isa = PBXBuildFile; fileRef = C2ACE70A5F52A5FE84B24F45 /* Pods_GitHub_API_GitHub_APIUITests.framework */; };
		80647A3825E4711700392919 /* AppDelegate.swift in Sources */ = {isa = PBXBuildFile; fileRef = 80647A3725E4711700392919 /* AppDelegate.swift */; };
		80647A3A25E4711700392919 /* SceneDelegate.swift in Sources */ = {isa = PBXBuildFile; fileRef = 80647A3925E4711700392919 /* SceneDelegate.swift */; };
		80647A3C25E4711700392919 /* LatestCommitsViewController.swift in Sources */ = {isa = PBXBuildFile; fileRef = 80647A3B25E4711700392919 /* LatestCommitsViewController.swift */; };
		80647A3F25E4711700392919 /* Main.storyboard in Resources */ = {isa = PBXBuildFile; fileRef = 80647A3D25E4711700392919 /* Main.storyboard */; };
		80647A4125E4711B00392919 /* Assets.xcassets in Resources */ = {isa = PBXBuildFile; fileRef = 80647A4025E4711B00392919 /* Assets.xcassets */; };
		80647A4425E4711B00392919 /* LaunchScreen.storyboard in Resources */ = {isa = PBXBuildFile; fileRef = 80647A4225E4711B00392919 /* LaunchScreen.storyboard */; };
		80647A4F25E4711C00392919 /* GitHub_APITests.swift in Sources */ = {isa = PBXBuildFile; fileRef = 80647A4E25E4711C00392919 /* GitHub_APITests.swift */; };
		80647A5A25E4711C00392919 /* GitHub_APIUITests.swift in Sources */ = {isa = PBXBuildFile; fileRef = 80647A5925E4711C00392919 /* GitHub_APIUITests.swift */; };
		80647A7225E476EA00392919 /* SimpleServerCall.swift in Sources */ = {isa = PBXBuildFile; fileRef = 80647A7125E476EA00392919 /* SimpleServerCall.swift */; };
		806F235F25E48F1C002BB53A /* GitHubAPIDecoder.swift in Sources */ = {isa = PBXBuildFile; fileRef = 806F235E25E48F1C002BB53A /* GitHubAPIDecoder.swift */; };
		80AA10EC25E49E16005C9801 /* CommitTableViewCell.swift in Sources */ = {isa = PBXBuildFile; fileRef = 80AA10EB25E49E16005C9801 /* CommitTableViewCell.swift */; };
		C3B690429C2FED1F88FCDF2B /* Pods_GitHub_APITests.framework in Frameworks */ = {isa = PBXBuildFile; fileRef = A756F7E7280F879726D972A7 /* Pods_GitHub_APITests.framework */; };
/* End PBXBuildFile section */

/* Begin PBXContainerItemProxy section */
		80647A4B25E4711C00392919 /* PBXContainerItemProxy */ = {
			isa = PBXContainerItemProxy;
			containerPortal = 80647A2C25E4711700392919 /* Project object */;
			proxyType = 1;
			remoteGlobalIDString = 80647A3325E4711700392919;
			remoteInfo = "GitHub API";
		};
		80647A5625E4711C00392919 /* PBXContainerItemProxy */ = {
			isa = PBXContainerItemProxy;
			containerPortal = 80647A2C25E4711700392919 /* Project object */;
			proxyType = 1;
			remoteGlobalIDString = 80647A3325E4711700392919;
			remoteInfo = "GitHub API";
		};
/* End PBXContainerItemProxy section */

/* Begin PBXFileReference section */
		07DD05695FA2E35488BF00A6 /* Pods-GitHub APITests.debug.xcconfig */ = {isa = PBXFileReference; includeInIndex = 1; lastKnownFileType = text.xcconfig; name = "Pods-GitHub APITests.debug.xcconfig"; path = "Target Support Files/Pods-GitHub APITests/Pods-GitHub APITests.debug.xcconfig"; sourceTree = "<group>"; };
		1791D3D6E4402A1021CB4A50 /* Pods-GitHub API.release.xcconfig */ = {isa = PBXFileReference; includeInIndex = 1; lastKnownFileType = text.xcconfig; name = "Pods-GitHub API.release.xcconfig"; path = "Target Support Files/Pods-GitHub API/Pods-GitHub API.release.xcconfig"; sourceTree = "<group>"; };
		2BDBDBFC67B4ED3D3B5E4286 /* Pods-GitHub API-GitHub APIUITests.release.xcconfig */ = {isa = PBXFileReference; includeInIndex = 1; lastKnownFileType = text.xcconfig; name = "Pods-GitHub API-GitHub APIUITests.release.xcconfig"; path = "Target Support Files/Pods-GitHub API-GitHub APIUITests/Pods-GitHub API-GitHub APIUITests.release.xcconfig"; sourceTree = "<group>"; };
		2E094C62BDDA65A51FFAD4F9 /* Pods_GitHub_API.framework */ = {isa = PBXFileReference; explicitFileType = wrapper.framework; includeInIndex = 0; path = Pods_GitHub_API.framework; sourceTree = BUILT_PRODUCTS_DIR; };
		30916497356A5FAEEC7A4927 /* Pods-GitHub APITests.release.xcconfig */ = {isa = PBXFileReference; includeInIndex = 1; lastKnownFileType = text.xcconfig; name = "Pods-GitHub APITests.release.xcconfig"; path = "Target Support Files/Pods-GitHub APITests/Pods-GitHub APITests.release.xcconfig"; sourceTree = "<group>"; };
		80647A3425E4711700392919 /* GitHub API.app */ = {isa = PBXFileReference; explicitFileType = wrapper.application; includeInIndex = 0; path = "GitHub API.app"; sourceTree = BUILT_PRODUCTS_DIR; };
		80647A3725E4711700392919 /* AppDelegate.swift */ = {isa = PBXFileReference; lastKnownFileType = sourcecode.swift; path = AppDelegate.swift; sourceTree = "<group>"; };
		80647A3925E4711700392919 /* SceneDelegate.swift */ = {isa = PBXFileReference; lastKnownFileType = sourcecode.swift; path = SceneDelegate.swift; sourceTree = "<group>"; };
		80647A3B25E4711700392919 /* LatestCommitsViewController.swift */ = {isa = PBXFileReference; lastKnownFileType = sourcecode.swift; path = LatestCommitsViewController.swift; sourceTree = "<group>"; };
		80647A3E25E4711700392919 /* Base */ = {isa = PBXFileReference; lastKnownFileType = file.storyboard; name = Base; path = Base.lproj/Main.storyboard; sourceTree = "<group>"; };
		80647A4025E4711B00392919 /* Assets.xcassets */ = {isa = PBXFileReference; lastKnownFileType = folder.assetcatalog; path = Assets.xcassets; sourceTree = "<group>"; };
		80647A4325E4711B00392919 /* Base */ = {isa = PBXFileReference; lastKnownFileType = file.storyboard; name = Base; path = Base.lproj/LaunchScreen.storyboard; sourceTree = "<group>"; };
		80647A4525E4711B00392919 /* Info.plist */ = {isa = PBXFileReference; lastKnownFileType = text.plist.xml; path = Info.plist; sourceTree = "<group>"; };
		80647A4A25E4711C00392919 /* GitHub APITests.xctest */ = {isa = PBXFileReference; explicitFileType = wrapper.cfbundle; includeInIndex = 0; path = "GitHub APITests.xctest"; sourceTree = BUILT_PRODUCTS_DIR; };
		80647A4E25E4711C00392919 /* GitHub_APITests.swift */ = {isa = PBXFileReference; lastKnownFileType = sourcecode.swift; path = GitHub_APITests.swift; sourceTree = "<group>"; };
		80647A5025E4711C00392919 /* Info.plist */ = {isa = PBXFileReference; lastKnownFileType = text.plist.xml; path = Info.plist; sourceTree = "<group>"; };
		80647A5525E4711C00392919 /* GitHub APIUITests.xctest */ = {isa = PBXFileReference; explicitFileType = wrapper.cfbundle; includeInIndex = 0; path = "GitHub APIUITests.xctest"; sourceTree = BUILT_PRODUCTS_DIR; };
		80647A5925E4711C00392919 /* GitHub_APIUITests.swift */ = {isa = PBXFileReference; lastKnownFileType = sourcecode.swift; path = GitHub_APIUITests.swift; sourceTree = "<group>"; };
		80647A5B25E4711C00392919 /* Info.plist */ = {isa = PBXFileReference; lastKnownFileType = text.plist.xml; path = Info.plist; sourceTree = "<group>"; };
		80647A7125E476EA00392919 /* SimpleServerCall.swift */ = {isa = PBXFileReference; lastKnownFileType = sourcecode.swift; path = SimpleServerCall.swift; sourceTree = "<group>"; };
		806F235E25E48F1C002BB53A /* GitHubAPIDecoder.swift */ = {isa = PBXFileReference; lastKnownFileType = sourcecode.swift; path = GitHubAPIDecoder.swift; sourceTree = "<group>"; };
		80AA10EB25E49E16005C9801 /* CommitTableViewCell.swift */ = {isa = PBXFileReference; lastKnownFileType = sourcecode.swift; path = CommitTableViewCell.swift; sourceTree = "<group>"; };
		A084DFEE7E43820BAD570E6C /* Pods-GitHub API-GitHub APIUITests.debug.xcconfig */ = {isa = PBXFileReference; includeInIndex = 1; lastKnownFileType = text.xcconfig; name = "Pods-GitHub API-GitHub APIUITests.debug.xcconfig"; path = "Target Support Files/Pods-GitHub API-GitHub APIUITests/Pods-GitHub API-GitHub APIUITests.debug.xcconfig"; sourceTree = "<group>"; };
		A756F7E7280F879726D972A7 /* Pods_GitHub_APITests.framework */ = {isa = PBXFileReference; explicitFileType = wrapper.framework; includeInIndex = 0; path = Pods_GitHub_APITests.framework; sourceTree = BUILT_PRODUCTS_DIR; };
		C2ACE70A5F52A5FE84B24F45 /* Pods_GitHub_API_GitHub_APIUITests.framework */ = {isa = PBXFileReference; explicitFileType = wrapper.framework; includeInIndex = 0; path = Pods_GitHub_API_GitHub_APIUITests.framework; sourceTree = BUILT_PRODUCTS_DIR; };
		EE9DD6D68279EE598B3C2E70 /* Pods-GitHub API.debug.xcconfig */ = {isa = PBXFileReference; includeInIndex = 1; lastKnownFileType = text.xcconfig; name = "Pods-GitHub API.debug.xcconfig"; path = "Target Support Files/Pods-GitHub API/Pods-GitHub API.debug.xcconfig"; sourceTree = "<group>"; };
/* End PBXFileReference section */

/* Begin PBXFrameworksBuildPhase section */
		80647A3125E4711700392919 /* Frameworks */ = {
			isa = PBXFrameworksBuildPhase;
			buildActionMask = 2147483647;
			files = (
				38D163163AF25D92B533F31B /* Pods_GitHub_API.framework in Frameworks */,
			);
			runOnlyForDeploymentPostprocessing = 0;
		};
		80647A4725E4711C00392919 /* Frameworks */ = {
			isa = PBXFrameworksBuildPhase;
			buildActionMask = 2147483647;
			files = (
				C3B690429C2FED1F88FCDF2B /* Pods_GitHub_APITests.framework in Frameworks */,
			);
			runOnlyForDeploymentPostprocessing = 0;
		};
		80647A5225E4711C00392919 /* Frameworks */ = {
			isa = PBXFrameworksBuildPhase;
			buildActionMask = 2147483647;
			files = (
				7A0AF7AEFCD79E14BA5F7936 /* Pods_GitHub_API_GitHub_APIUITests.framework in Frameworks */,
			);
			runOnlyForDeploymentPostprocessing = 0;
		};
/* End PBXFrameworksBuildPhase section */

/* Begin PBXGroup section */
		24427C3009723CC997EA5BBA /* Frameworks */ = {
			isa = PBXGroup;
			children = (
				2E094C62BDDA65A51FFAD4F9 /* Pods_GitHub_API.framework */,
				C2ACE70A5F52A5FE84B24F45 /* Pods_GitHub_API_GitHub_APIUITests.framework */,
				A756F7E7280F879726D972A7 /* Pods_GitHub_APITests.framework */,
			);
			name = Frameworks;
			sourceTree = "<group>";
		};
		80647A2B25E4711700392919 = {
			isa = PBXGroup;
			children = (
				80647A3625E4711700392919 /* GitHub API */,
				80647A4D25E4711C00392919 /* GitHub APITests */,
				80647A5825E4711C00392919 /* GitHub APIUITests */,
				80647A3525E4711700392919 /* Products */,
				EDC18C63FA513660B602C4A9 /* Pods */,
				24427C3009723CC997EA5BBA /* Frameworks */,
			);
			sourceTree = "<group>";
		};
		80647A3525E4711700392919 /* Products */ = {
			isa = PBXGroup;
			children = (
				80647A3425E4711700392919 /* GitHub API.app */,
				80647A4A25E4711C00392919 /* GitHub APITests.xctest */,
				80647A5525E4711C00392919 /* GitHub APIUITests.xctest */,
			);
			name = Products;
			sourceTree = "<group>";
		};
		80647A3625E4711700392919 /* GitHub API */ = {
			isa = PBXGroup;
			children = (
				80647A3725E4711700392919 /* AppDelegate.swift */,
				80647A3925E4711700392919 /* SceneDelegate.swift */,
				80647A3B25E4711700392919 /* LatestCommitsViewController.swift */,
				80AA10EB25E49E16005C9801 /* CommitTableViewCell.swift */,
				80AA10E725E498B8005C9801 /* Networking */,
				80647A3D25E4711700392919 /* Main.storyboard */,
				80647A4025E4711B00392919 /* Assets.xcassets */,
				80647A4225E4711B00392919 /* LaunchScreen.storyboard */,
				80647A4525E4711B00392919 /* Info.plist */,
			);
			path = "GitHub API";
			sourceTree = "<group>";
		};
		80647A4D25E4711C00392919 /* GitHub APITests */ = {
			isa = PBXGroup;
			children = (
				80647A4E25E4711C00392919 /* GitHub_APITests.swift */,
				80647A5025E4711C00392919 /* Info.plist */,
			);
			path = "GitHub APITests";
			sourceTree = "<group>";
		};
		80647A5825E4711C00392919 /* GitHub APIUITests */ = {
			isa = PBXGroup;
			children = (
				80647A5925E4711C00392919 /* GitHub_APIUITests.swift */,
				80647A5B25E4711C00392919 /* Info.plist */,
			);
			path = "GitHub APIUITests";
			sourceTree = "<group>";
		};
		80AA10E725E498B8005C9801 /* Networking */ = {
			isa = PBXGroup;
			children = (
				80647A7125E476EA00392919 /* SimpleServerCall.swift */,
				806F235E25E48F1C002BB53A /* GitHubAPIDecoder.swift */,
			);
			path = Networking;
			sourceTree = "<group>";
		};
		EDC18C63FA513660B602C4A9 /* Pods */ = {
			isa = PBXGroup;
			children = (
				EE9DD6D68279EE598B3C2E70 /* Pods-GitHub API.debug.xcconfig */,
				1791D3D6E4402A1021CB4A50 /* Pods-GitHub API.release.xcconfig */,
				A084DFEE7E43820BAD570E6C /* Pods-GitHub API-GitHub APIUITests.debug.xcconfig */,
				2BDBDBFC67B4ED3D3B5E4286 /* Pods-GitHub API-GitHub APIUITests.release.xcconfig */,
				07DD05695FA2E35488BF00A6 /* Pods-GitHub APITests.debug.xcconfig */,
				30916497356A5FAEEC7A4927 /* Pods-GitHub APITests.release.xcconfig */,
			);
			path = Pods;
			sourceTree = "<group>";
		};
/* End PBXGroup section */

/* Begin PBXNativeTarget section */
		80647A3325E4711700392919 /* GitHub API */ = {
			isa = PBXNativeTarget;
			buildConfigurationList = 80647A5E25E4711C00392919 /* Build configuration list for PBXNativeTarget "GitHub API" */;
			buildPhases = (
				87B326AD3F494D89D36A1839 /* [CP] Check Pods Manifest.lock */,
				80647A3025E4711700392919 /* Sources */,
				80647A3125E4711700392919 /* Frameworks */,
				80647A3225E4711700392919 /* Resources */,
				5B41B9910037D8648F4703F4 /* [CP] Embed Pods Frameworks */,
			);
			buildRules = (
			);
			dependencies = (
			);
			name = "GitHub API";
			productName = "GitHub API";
			productReference = 80647A3425E4711700392919 /* GitHub API.app */;
			productType = "com.apple.product-type.application";
		};
		80647A4925E4711C00392919 /* GitHub APITests */ = {
			isa = PBXNativeTarget;
			buildConfigurationList = 80647A6125E4711C00392919 /* Build configuration list for PBXNativeTarget "GitHub APITests" */;
			buildPhases = (
				DC14AFA7C3ADF25309DACB0F /* [CP] Check Pods Manifest.lock */,
				80647A4625E4711C00392919 /* Sources */,
				80647A4725E4711C00392919 /* Frameworks */,
				80647A4825E4711C00392919 /* Resources */,
			);
			buildRules = (
			);
			dependencies = (
				80647A4C25E4711C00392919 /* PBXTargetDependency */,
			);
			name = "GitHub APITests";
			productName = "GitHub APITests";
			productReference = 80647A4A25E4711C00392919 /* GitHub APITests.xctest */;
			productType = "com.apple.product-type.bundle.unit-test";
		};
		80647A5425E4711C00392919 /* GitHub APIUITests */ = {
			isa = PBXNativeTarget;
			buildConfigurationList = 80647A6425E4711C00392919 /* Build configuration list for PBXNativeTarget "GitHub APIUITests" */;
			buildPhases = (
				FBD401B30195C7C5954E2BFA /* [CP] Check Pods Manifest.lock */,
				80647A5125E4711C00392919 /* Sources */,
				80647A5225E4711C00392919 /* Frameworks */,
				80647A5325E4711C00392919 /* Resources */,
				4D4E7BAC22A00CA7B40718CF /* [CP] Embed Pods Frameworks */,
			);
			buildRules = (
			);
			dependencies = (
				80647A5725E4711C00392919 /* PBXTargetDependency */,
			);
			name = "GitHub APIUITests";
			productName = "GitHub APIUITests";
			productReference = 80647A5525E4711C00392919 /* GitHub APIUITests.xctest */;
			productType = "com.apple.product-type.bundle.ui-testing";
		};
/* End PBXNativeTarget section */

/* Begin PBXProject section */
		80647A2C25E4711700392919 /* Project object */ = {
			isa = PBXProject;
			attributes = {
				LastSwiftUpdateCheck = 1220;
				LastUpgradeCheck = 1220;
				TargetAttributes = {
					80647A3325E4711700392919 = {
						CreatedOnToolsVersion = 12.2;
					};
					80647A4925E4711C00392919 = {
						CreatedOnToolsVersion = 12.2;
						TestTargetID = 80647A3325E4711700392919;
					};
					80647A5425E4711C00392919 = {
						CreatedOnToolsVersion = 12.2;
						TestTargetID = 80647A3325E4711700392919;
					};
				};
			};
			buildConfigurationList = 80647A2F25E4711700392919 /* Build configuration list for PBXProject "GitHub API" */;
			compatibilityVersion = "Xcode 9.3";
			developmentRegion = en;
			hasScannedForEncodings = 0;
			knownRegions = (
				en,
				Base,
			);
			mainGroup = 80647A2B25E4711700392919;
			productRefGroup = 80647A3525E4711700392919 /* Products */;
			projectDirPath = "";
			projectRoot = "";
			targets = (
				80647A3325E4711700392919 /* GitHub API */,
				80647A4925E4711C00392919 /* GitHub APITests */,
				80647A5425E4711C00392919 /* GitHub APIUITests */,
			);
		};
/* End PBXProject section */

/* Begin PBXResourcesBuildPhase section */
		80647A3225E4711700392919 /* Resources */ = {
			isa = PBXResourcesBuildPhase;
			buildActionMask = 2147483647;
			files = (
				80647A4425E4711B00392919 /* LaunchScreen.storyboard in Resources */,
				80647A4125E4711B00392919 /* Assets.xcassets in Resources */,
				80647A3F25E4711700392919 /* Main.storyboard in Resources */,
			);
			runOnlyForDeploymentPostprocessing = 0;
		};
		80647A4825E4711C00392919 /* Resources */ = {
			isa = PBXResourcesBuildPhase;
			buildActionMask = 2147483647;
			files = (
			);
			runOnlyForDeploymentPostprocessing = 0;
		};
		80647A5325E4711C00392919 /* Resources */ = {
			isa = PBXResourcesBuildPhase;
			buildActionMask = 2147483647;
			files = (
			);
			runOnlyForDeploymentPostprocessing = 0;
		};
/* End PBXResourcesBuildPhase section */

/* Begin PBXShellScriptBuildPhase section */
		4D4E7BAC22A00CA7B40718CF /* [CP] Embed Pods Frameworks */ = {
			isa = PBXShellScriptBuildPhase;
			buildActionMask = 2147483647;
			files = (
			);
			inputFileListPaths = (
				"${PODS_ROOT}/Target Support Files/Pods-GitHub API-GitHub APIUITests/Pods-GitHub API-GitHub APIUITests-frameworks-${CONFIGURATION}-input-files.xcfilelist",
			);
			name = "[CP] Embed Pods Frameworks";
			outputFileListPaths = (
				"${PODS_ROOT}/Target Support Files/Pods-GitHub API-GitHub APIUITests/Pods-GitHub API-GitHub APIUITests-frameworks-${CONFIGURATION}-output-files.xcfilelist",
			);
			runOnlyForDeploymentPostprocessing = 0;
			shellPath = /bin/sh;
			shellScript = "\"${PODS_ROOT}/Target Support Files/Pods-GitHub API-GitHub APIUITests/Pods-GitHub API-GitHub APIUITests-frameworks.sh\"\n";
			showEnvVarsInLog = 0;
		};
		5B41B9910037D8648F4703F4 /* [CP] Embed Pods Frameworks */ = {
			isa = PBXShellScriptBuildPhase;
			buildActionMask = 2147483647;
			files = (
			);
			inputFileListPaths = (
				"${PODS_ROOT}/Target Support Files/Pods-GitHub API/Pods-GitHub API-frameworks-${CONFIGURATION}-input-files.xcfilelist",
			);
			name = "[CP] Embed Pods Frameworks";
			outputFileListPaths = (
				"${PODS_ROOT}/Target Support Files/Pods-GitHub API/Pods-GitHub API-frameworks-${CONFIGURATION}-output-files.xcfilelist",
			);
			runOnlyForDeploymentPostprocessing = 0;
			shellPath = /bin/sh;
			shellScript = "\"${PODS_ROOT}/Target Support Files/Pods-GitHub API/Pods-GitHub API-frameworks.sh\"\n";
			showEnvVarsInLog = 0;
		};
		87B326AD3F494D89D36A1839 /* [CP] Check Pods Manifest.lock */ = {
			isa = PBXShellScriptBuildPhase;
			buildActionMask = 2147483647;
			files = (
			);
			inputFileListPaths = (
			);
			inputPaths = (
				"${PODS_PODFILE_DIR_PATH}/Podfile.lock",
				"${PODS_ROOT}/Manifest.lock",
			);
			name = "[CP] Check Pods Manifest.lock";
			outputFileListPaths = (
			);
			outputPaths = (
				"$(DERIVED_FILE_DIR)/Pods-GitHub API-checkManifestLockResult.txt",
			);
			runOnlyForDeploymentPostprocessing = 0;
			shellPath = /bin/sh;
			shellScript = "diff \"${PODS_PODFILE_DIR_PATH}/Podfile.lock\" \"${PODS_ROOT}/Manifest.lock\" > /dev/null\nif [ $? != 0 ] ; then\n    # print error to STDERR\n    echo \"error: The sandbox is not in sync with the Podfile.lock. Run 'pod install' or update your CocoaPods installation.\" >&2\n    exit 1\nfi\n# This output is used by Xcode 'outputs' to avoid re-running this script phase.\necho \"SUCCESS\" > \"${SCRIPT_OUTPUT_FILE_0}\"\n";
			showEnvVarsInLog = 0;
		};
		DC14AFA7C3ADF25309DACB0F /* [CP] Check Pods Manifest.lock */ = {
			isa = PBXShellScriptBuildPhase;
			buildActionMask = 2147483647;
			files = (
			);
			inputFileListPaths = (
			);
			inputPaths = (
				"${PODS_PODFILE_DIR_PATH}/Podfile.lock",
				"${PODS_ROOT}/Manifest.lock",
			);
			name = "[CP] Check Pods Manifest.lock";
			outputFileListPaths = (
			);
			outputPaths = (
				"$(DERIVED_FILE_DIR)/Pods-GitHub APITests-checkManifestLockResult.txt",
			);
			runOnlyForDeploymentPostprocessing = 0;
			shellPath = /bin/sh;
			shellScript = "diff \"${PODS_PODFILE_DIR_PATH}/Podfile.lock\" \"${PODS_ROOT}/Manifest.lock\" > /dev/null\nif [ $? != 0 ] ; then\n    # print error to STDERR\n    echo \"error: The sandbox is not in sync with the Podfile.lock. Run 'pod install' or update your CocoaPods installation.\" >&2\n    exit 1\nfi\n# This output is used by Xcode 'outputs' to avoid re-running this script phase.\necho \"SUCCESS\" > \"${SCRIPT_OUTPUT_FILE_0}\"\n";
			showEnvVarsInLog = 0;
		};
		FBD401B30195C7C5954E2BFA /* [CP] Check Pods Manifest.lock */ = {
			isa = PBXShellScriptBuildPhase;
			buildActionMask = 2147483647;
			files = (
			);
			inputFileListPaths = (
			);
			inputPaths = (
				"${PODS_PODFILE_DIR_PATH}/Podfile.lock",
				"${PODS_ROOT}/Manifest.lock",
			);
			name = "[CP] Check Pods Manifest.lock";
			outputFileListPaths = (
			);
			outputPaths = (
				"$(DERIVED_FILE_DIR)/Pods-GitHub API-GitHub APIUITests-checkManifestLockResult.txt",
			);
			runOnlyForDeploymentPostprocessing = 0;
			shellPath = /bin/sh;
			shellScript = "diff \"${PODS_PODFILE_DIR_PATH}/Podfile.lock\" \"${PODS_ROOT}/Manifest.lock\" > /dev/null\nif [ $? != 0 ] ; then\n    # print error to STDERR\n    echo \"error: The sandbox is not in sync with the Podfile.lock. Run 'pod install' or update your CocoaPods installation.\" >&2\n    exit 1\nfi\n# This output is used by Xcode 'outputs' to avoid re-running this script phase.\necho \"SUCCESS\" > \"${SCRIPT_OUTPUT_FILE_0}\"\n";
			showEnvVarsInLog = 0;
		};
/* End PBXShellScriptBuildPhase section */

/* Begin PBXSourcesBuildPhase section */
		80647A3025E4711700392919 /* Sources */ = {
			isa = PBXSourcesBuildPhase;
			buildActionMask = 2147483647;
			files = (
				806F235F25E48F1C002BB53A /* GitHubAPIDecoder.swift in Sources */,
				80647A7225E476EA00392919 /* SimpleServerCall.swift in Sources */,
				80647A3C25E4711700392919 /* LatestCommitsViewController.swift in Sources */,
				80647A3825E4711700392919 /* AppDelegate.swift in Sources */,
				80AA10EC25E49E16005C9801 /* CommitTableViewCell.swift in Sources */,
				80647A3A25E4711700392919 /* SceneDelegate.swift in Sources */,
			);
			runOnlyForDeploymentPostprocessing = 0;
		};
		80647A4625E4711C00392919 /* Sources */ = {
			isa = PBXSourcesBuildPhase;
			buildActionMask = 2147483647;
			files = (
				80647A4F25E4711C00392919 /* GitHub_APITests.swift in Sources */,
			);
			runOnlyForDeploymentPostprocessing = 0;
		};
		80647A5125E4711C00392919 /* Sources */ = {
			isa = PBXSourcesBuildPhase;
			buildActionMask = 2147483647;
			files = (
				80647A5A25E4711C00392919 /* GitHub_APIUITests.swift in Sources */,
			);
			runOnlyForDeploymentPostprocessing = 0;
		};
/* End PBXSourcesBuildPhase section */

/* Begin PBXTargetDependency section */
		80647A4C25E4711C00392919 /* PBXTargetDependency */ = {
			isa = PBXTargetDependency;
			target = 80647A3325E4711700392919 /* GitHub API */;
			targetProxy = 80647A4B25E4711C00392919 /* PBXContainerItemProxy */;
		};
		80647A5725E4711C00392919 /* PBXTargetDependency */ = {
			isa = PBXTargetDependency;
			target = 80647A3325E4711700392919 /* GitHub API */;
			targetProxy = 80647A5625E4711C00392919 /* PBXContainerItemProxy */;
		};
/* End PBXTargetDependency section */

/* Begin PBXVariantGroup section */
		80647A3D25E4711700392919 /* Main.storyboard */ = {
			isa = PBXVariantGroup;
			children = (
				80647A3E25E4711700392919 /* Base */,
			);
			name = Main.storyboard;
			sourceTree = "<group>";
		};
		80647A4225E4711B00392919 /* LaunchScreen.storyboard */ = {
			isa = PBXVariantGroup;
			children = (
				80647A4325E4711B00392919 /* Base */,
			);
			name = LaunchScreen.storyboard;
			sourceTree = "<group>";
		};
/* End PBXVariantGroup section */

/* Begin XCBuildConfiguration section */
		80647A5C25E4711C00392919 /* Debug */ = {
			isa = XCBuildConfiguration;
			buildSettings = {
				ALWAYS_SEARCH_USER_PATHS = NO;
				CLANG_ANALYZER_NONNULL = YES;
				CLANG_ANALYZER_NUMBER_OBJECT_CONVERSION = YES_AGGRESSIVE;
				CLANG_CXX_LANGUAGE_STANDARD = "gnu++14";
				CLANG_CXX_LIBRARY = "libc++";
				CLANG_ENABLE_MODULES = YES;
				CLANG_ENABLE_OBJC_ARC = YES;
				CLANG_ENABLE_OBJC_WEAK = YES;
				CLANG_WARN_BLOCK_CAPTURE_AUTORELEASING = YES;
				CLANG_WARN_BOOL_CONVERSION = YES;
				CLANG_WARN_COMMA = YES;
				CLANG_WARN_CONSTANT_CONVERSION = YES;
				CLANG_WARN_DEPRECATED_OBJC_IMPLEMENTATIONS = YES;
				CLANG_WARN_DIRECT_OBJC_ISA_USAGE = YES_ERROR;
				CLANG_WARN_DOCUMENTATION_COMMENTS = YES;
				CLANG_WARN_EMPTY_BODY = YES;
				CLANG_WARN_ENUM_CONVERSION = YES;
				CLANG_WARN_INFINITE_RECURSION = YES;
				CLANG_WARN_INT_CONVERSION = YES;
				CLANG_WARN_NON_LITERAL_NULL_CONVERSION = YES;
				CLANG_WARN_OBJC_IMPLICIT_RETAIN_SELF = YES;
				CLANG_WARN_OBJC_LITERAL_CONVERSION = YES;
				CLANG_WARN_OBJC_ROOT_CLASS = YES_ERROR;
				CLANG_WARN_QUOTED_INCLUDE_IN_FRAMEWORK_HEADER = YES;
				CLANG_WARN_RANGE_LOOP_ANALYSIS = YES;
				CLANG_WARN_STRICT_PROTOTYPES = YES;
				CLANG_WARN_SUSPICIOUS_MOVE = YES;
				CLANG_WARN_UNGUARDED_AVAILABILITY = YES_AGGRESSIVE;
				CLANG_WARN_UNREACHABLE_CODE = YES;
				CLANG_WARN__DUPLICATE_METHOD_MATCH = YES;
				COPY_PHASE_STRIP = NO;
				DEBUG_INFORMATION_FORMAT = dwarf;
				ENABLE_STRICT_OBJC_MSGSEND = YES;
				ENABLE_TESTABILITY = YES;
				GCC_C_LANGUAGE_STANDARD = gnu11;
				GCC_DYNAMIC_NO_PIC = NO;
				GCC_NO_COMMON_BLOCKS = YES;
				GCC_OPTIMIZATION_LEVEL = 0;
				GCC_PREPROCESSOR_DEFINITIONS = (
					"DEBUG=1",
					"$(inherited)",
				);
				GCC_WARN_64_TO_32_BIT_CONVERSION = YES;
				GCC_WARN_ABOUT_RETURN_TYPE = YES_ERROR;
				GCC_WARN_UNDECLARED_SELECTOR = YES;
				GCC_WARN_UNINITIALIZED_AUTOS = YES_AGGRESSIVE;
				GCC_WARN_UNUSED_FUNCTION = YES;
				GCC_WARN_UNUSED_VARIABLE = YES;
				IPHONEOS_DEPLOYMENT_TARGET = 14.2;
				MTL_ENABLE_DEBUG_INFO = INCLUDE_SOURCE;
				MTL_FAST_MATH = YES;
				ONLY_ACTIVE_ARCH = YES;
				SDKROOT = iphoneos;
				SWIFT_ACTIVE_COMPILATION_CONDITIONS = DEBUG;
				SWIFT_OPTIMIZATION_LEVEL = "-Onone";
			};
			name = Debug;
		};
		80647A5D25E4711C00392919 /* Release */ = {
			isa = XCBuildConfiguration;
			buildSettings = {
				ALWAYS_SEARCH_USER_PATHS = NO;
				CLANG_ANALYZER_NONNULL = YES;
				CLANG_ANALYZER_NUMBER_OBJECT_CONVERSION = YES_AGGRESSIVE;
				CLANG_CXX_LANGUAGE_STANDARD = "gnu++14";
				CLANG_CXX_LIBRARY = "libc++";
				CLANG_ENABLE_MODULES = YES;
				CLANG_ENABLE_OBJC_ARC = YES;
				CLANG_ENABLE_OBJC_WEAK = YES;
				CLANG_WARN_BLOCK_CAPTURE_AUTORELEASING = YES;
				CLANG_WARN_BOOL_CONVERSION = YES;
				CLANG_WARN_COMMA = YES;
				CLANG_WARN_CONSTANT_CONVERSION = YES;
				CLANG_WARN_DEPRECATED_OBJC_IMPLEMENTATIONS = YES;
				CLANG_WARN_DIRECT_OBJC_ISA_USAGE = YES_ERROR;
				CLANG_WARN_DOCUMENTATION_COMMENTS = YES;
				CLANG_WARN_EMPTY_BODY = YES;
				CLANG_WARN_ENUM_CONVERSION = YES;
				CLANG_WARN_INFINITE_RECURSION = YES;
				CLANG_WARN_INT_CONVERSION = YES;
				CLANG_WARN_NON_LITERAL_NULL_CONVERSION = YES;
				CLANG_WARN_OBJC_IMPLICIT_RETAIN_SELF = YES;
				CLANG_WARN_OBJC_LITERAL_CONVERSION = YES;
				CLANG_WARN_OBJC_ROOT_CLASS = YES_ERROR;
				CLANG_WARN_QUOTED_INCLUDE_IN_FRAMEWORK_HEADER = YES;
				CLANG_WARN_RANGE_LOOP_ANALYSIS = YES;
				CLANG_WARN_STRICT_PROTOTYPES = YES;
				CLANG_WARN_SUSPICIOUS_MOVE = YES;
				CLANG_WARN_UNGUARDED_AVAILABILITY = YES_AGGRESSIVE;
				CLANG_WARN_UNREACHABLE_CODE = YES;
				CLANG_WARN__DUPLICATE_METHOD_MATCH = YES;
				COPY_PHASE_STRIP = NO;
				DEBUG_INFORMATION_FORMAT = "dwarf-with-dsym";
				ENABLE_NS_ASSERTIONS = NO;
				ENABLE_STRICT_OBJC_MSGSEND = YES;
				GCC_C_LANGUAGE_STANDARD = gnu11;
				GCC_NO_COMMON_BLOCKS = YES;
				GCC_WARN_64_TO_32_BIT_CONVERSION = YES;
				GCC_WARN_ABOUT_RETURN_TYPE = YES_ERROR;
				GCC_WARN_UNDECLARED_SELECTOR = YES;
				GCC_WARN_UNINITIALIZED_AUTOS = YES_AGGRESSIVE;
				GCC_WARN_UNUSED_FUNCTION = YES;
				GCC_WARN_UNUSED_VARIABLE = YES;
				IPHONEOS_DEPLOYMENT_TARGET = 14.2;
				MTL_ENABLE_DEBUG_INFO = NO;
				MTL_FAST_MATH = YES;
				SDKROOT = iphoneos;
				SWIFT_COMPILATION_MODE = wholemodule;
				SWIFT_OPTIMIZATION_LEVEL = "-O";
				VALIDATE_PRODUCT = YES;
			};
			name = Release;
		};
		80647A5F25E4711C00392919 /* Debug */ = {
			isa = XCBuildConfiguration;
			baseConfigurationReference = EE9DD6D68279EE598B3C2E70 /* Pods-GitHub API.debug.xcconfig */;
			buildSettings = {
				ASSETCATALOG_COMPILER_APPICON_NAME = AppIcon;
				ASSETCATALOG_COMPILER_GLOBAL_ACCENT_COLOR_NAME = AccentColor;
				CODE_SIGN_STYLE = Automatic;
				DEVELOPMENT_TEAM = TFAGA9F8QD;
				INFOPLIST_FILE = "GitHub API/Info.plist";
				LD_RUNPATH_SEARCH_PATHS = (
					"$(inherited)",
					"@executable_path/Frameworks",
				);
				PRODUCT_BUNDLE_IDENTIFIER = "com.github.api.test.inho.hwang.GitHub-API";
				PRODUCT_NAME = "$(TARGET_NAME)";
				SWIFT_VERSION = 5.0;
				TARGETED_DEVICE_FAMILY = "1,2";
			};
			name = Debug;
		};
		80647A6025E4711C00392919 /* Release */ = {
			isa = XCBuildConfiguration;
			baseConfigurationReference = 1791D3D6E4402A1021CB4A50 /* Pods-GitHub API.release.xcconfig */;
			buildSettings = {
				ASSETCATALOG_COMPILER_APPICON_NAME = AppIcon;
				ASSETCATALOG_COMPILER_GLOBAL_ACCENT_COLOR_NAME = AccentColor;
				CODE_SIGN_STYLE = Automatic;
				DEVELOPMENT_TEAM = TFAGA9F8QD;
				INFOPLIST_FILE = "GitHub API/Info.plist";
				LD_RUNPATH_SEARCH_PATHS = (
					"$(inherited)",
					"@executable_path/Frameworks",
				);
				PRODUCT_BUNDLE_IDENTIFIER = "com.github.api.test.inho.hwang.GitHub-API";
				PRODUCT_NAME = "$(TARGET_NAME)";
				SWIFT_VERSION = 5.0;
				TARGETED_DEVICE_FAMILY = "1,2";
			};
			name = Release;
		};
		80647A6225E4711C00392919 /* Debug */ = {
			isa = XCBuildConfiguration;
			baseConfigurationReference = 07DD05695FA2E35488BF00A6 /* Pods-GitHub APITests.debug.xcconfig */;
			buildSettings = {
				ALWAYS_EMBED_SWIFT_STANDARD_LIBRARIES = YES;
				BUNDLE_LOADER = "$(TEST_HOST)";
				CODE_SIGN_STYLE = Automatic;
				DEVELOPMENT_TEAM = TFAGA9F8QD;
				INFOPLIST_FILE = "GitHub APITests/Info.plist";
				IPHONEOS_DEPLOYMENT_TARGET = 14.2;
				LD_RUNPATH_SEARCH_PATHS = (
					"$(inherited)",
					"@executable_path/Frameworks",
					"@loader_path/Frameworks",
				);
				PRODUCT_BUNDLE_IDENTIFIER = "com.github.api.test.inho.hwang.GitHub-APITests";
				PRODUCT_NAME = "$(TARGET_NAME)";
				SWIFT_VERSION = 5.0;
				TARGETED_DEVICE_FAMILY = "1,2";
				TEST_HOST = "$(BUILT_PRODUCTS_DIR)/GitHub API.app/GitHub API";
			};
			name = Debug;
		};
		80647A6325E4711C00392919 /* Release */ = {
			isa = XCBuildConfiguration;
			baseConfigurationReference = 30916497356A5FAEEC7A4927 /* Pods-GitHub APITests.release.xcconfig */;
			buildSettings = {
				ALWAYS_EMBED_SWIFT_STANDARD_LIBRARIES = YES;
				BUNDLE_LOADER = "$(TEST_HOST)";
				CODE_SIGN_STYLE = Automatic;
				DEVELOPMENT_TEAM = TFAGA9F8QD;
				INFOPLIST_FILE = "GitHub APITests/Info.plist";
				IPHONEOS_DEPLOYMENT_TARGET = 14.2;
				LD_RUNPATH_SEARCH_PATHS = (
					"$(inherited)",
					"@executable_path/Frameworks",
					"@loader_path/Frameworks",
				);
				PRODUCT_BUNDLE_IDENTIFIER = "com.github.api.test.inho.hwang.GitHub-APITests";
				PRODUCT_NAME = "$(TARGET_NAME)";
				SWIFT_VERSION = 5.0;
				TARGETED_DEVICE_FAMILY = "1,2";
				TEST_HOST = "$(BUILT_PRODUCTS_DIR)/GitHub API.app/GitHub API";
			};
			name = Release;
		};
		80647A6525E4711C00392919 /* Debug */ = {
			isa = XCBuildConfiguration;
			baseConfigurationReference = A084DFEE7E43820BAD570E6C /* Pods-GitHub API-GitHub APIUITests.debug.xcconfig */;
			buildSettings = {
				ALWAYS_EMBED_SWIFT_STANDARD_LIBRARIES = YES;
				CODE_SIGN_STYLE = Automatic;
				DEVELOPMENT_TEAM = TFAGA9F8QD;
				INFOPLIST_FILE = "GitHub APIUITests/Info.plist";
				LD_RUNPATH_SEARCH_PATHS = (
					"$(inherited)",
					"@executable_path/Frameworks",
					"@loader_path/Frameworks",
				);
				PRODUCT_BUNDLE_IDENTIFIER = "com.github.api.test.inho.hwang.GitHub-APIUITests";
				PRODUCT_NAME = "$(TARGET_NAME)";
				SWIFT_VERSION = 5.0;
				TARGETED_DEVICE_FAMILY = "1,2";
				TEST_TARGET_NAME = "GitHub API";
			};
			name = Debug;
		};
		80647A6625E4711C00392919 /* Release */ = {
			isa = XCBuildConfiguration;
			baseConfigurationReference = 2BDBDBFC67B4ED3D3B5E4286 /* Pods-GitHub API-GitHub APIUITests.release.xcconfig */;
			buildSettings = {
				ALWAYS_EMBED_SWIFT_STANDARD_LIBRARIES = YES;
				CODE_SIGN_STYLE = Automatic;
				DEVELOPMENT_TEAM = TFAGA9F8QD;
				INFOPLIST_FILE = "GitHub APIUITests/Info.plist";
				LD_RUNPATH_SEARCH_PATHS = (
					"$(inherited)",
					"@executable_path/Frameworks",
					"@loader_path/Frameworks",
				);
				PRODUCT_BUNDLE_IDENTIFIER = "com.github.api.test.inho.hwang.GitHub-APIUITests";
				PRODUCT_NAME = "$(TARGET_NAME)";
				SWIFT_VERSION = 5.0;
				TARGETED_DEVICE_FAMILY = "1,2";
				TEST_TARGET_NAME = "GitHub API";
			};
			name = Release;
		};
/* End XCBuildConfiguration section */

/* Begin XCConfigurationList section */
		80647A2F25E4711700392919 /* Build configuration list for PBXProject "GitHub API" */ = {
			isa = XCConfigurationList;
			buildConfigurations = (
				80647A5C25E4711C00392919 /* Debug */,
				80647A5D25E4711C00392919 /* Release */,
			);
			defaultConfigurationIsVisible = 0;
			defaultConfigurationName = Release;
		};
		80647A5E25E4711C00392919 /* Build configuration list for PBXNativeTarget "GitHub API" */ = {
			isa = XCConfigurationList;
			buildConfigurations = (
				80647A5F25E4711C00392919 /* Debug */,
				80647A6025E4711C00392919 /* Release */,
			);
			defaultConfigurationIsVisible = 0;
			defaultConfigurationName = Release;
		};
		80647A6125E4711C00392919 /* Build configuration list for PBXNativeTarget "GitHub APITests" */ = {
			isa = XCConfigurationList;
			buildConfigurations = (
				80647A6225E4711C00392919 /* Debug */,
				80647A6325E4711C00392919 /* Release */,
			);
			defaultConfigurationIsVisible = 0;
			defaultConfigurationName = Release;
		};
		80647A6425E4711C00392919 /* Build configuration list for PBXNativeTarget "GitHub APIUITests" */ = {
			isa = XCConfigurationList;
			buildConfigurations = (
				80647A6525E4711C00392919 /* Debug */,
				80647A6625E4711C00392919 /* Release */,
			);
			defaultConfigurationIsVisible = 0;
			defaultConfigurationName = Release;
		};
/* End XCConfigurationList section */
	};
	rootObject = 80647A2C25E4711700392919 /* Project object */;
}
